// !$*UTF8*$!
{
	archiveVersion = 1;
	classes = {
	};
	objectVersion = 56;
	objects = {

/* Begin PBXBuildFile section */
		54AAABF22D7F1709002419F7 /* Learning_pythonApp.swift in Sources */ = {isa = PBXBuildFile; fileRef = 54AAABF12D7F1709002419F7 /* Learning_pythonApp.swift */; };
		54AAABF42D7F1709002419F7 /* Learning_pythonDocument.swift in Sources */ = {isa = PBXBuildFile; fileRef = 54AAABF32D7F1709002419F7 /* Learning_pythonDocument.swift */; };
		54AAABF62D7F1709002419F7 /* ContentView.swift in Sources */ = {isa = PBXBuildFile; fileRef = 54AAABF52D7F1709002419F7 /* ContentView.swift */; };
		54AAABF82D7F170D002419F7 /* Assets.xcassets in Resources */ = {isa = PBXBuildFile; fileRef = 54AAABF72D7F170D002419F7 /* Assets.xcassets */; };
		54AAABFD2D7F170D002419F7 /* Preview Assets.xcassets in Resources */ = {isa = PBXBuildFile; fileRef = 54AAABFC2D7F170D002419F7 /* Preview Assets.xcassets */; };
		54AAAC072D7F170D002419F7 /* Learning_pythonTests.swift in Sources */ = {isa = PBXBuildFile; fileRef = 54AAAC062D7F170D002419F7 /* Learning_pythonTests.swift */; };
		54AAAC112D7F170D002419F7 /* Learning_pythonUITests.swift in Sources */ = {isa = PBXBuildFile; fileRef = 54AAAC102D7F170D002419F7 /* Learning_pythonUITests.swift */; };
		54AAAC132D7F170D002419F7 /* Learning_pythonUITestsLaunchTests.swift in Sources */ = {isa = PBXBuildFile; fileRef = 54AAAC122D7F170D002419F7 /* Learning_pythonUITestsLaunchTests.swift */; };
/* End PBXBuildFile section */

/* Begin PBXContainerItemProxy section */
		54AAAC032D7F170D002419F7 /* PBXContainerItemProxy */ = {
			isa = PBXContainerItemProxy;
			containerPortal = 54AAABE62D7F1709002419F7 /* Project object */;
			proxyType = 1;
			remoteGlobalIDString = 54AAABED2D7F1709002419F7;
			remoteInfo = "Learning python";
		};
		54AAAC0D2D7F170D002419F7 /* PBXContainerItemProxy */ = {
			isa = PBXContainerItemProxy;
			containerPortal = 54AAABE62D7F1709002419F7 /* Project object */;
			proxyType = 1;
			remoteGlobalIDString = 54AAABED2D7F1709002419F7;
			remoteInfo = "Learning python";
		};
/* End PBXContainerItemProxy section */

/* Begin PBXFileReference section */
		54AAABEE2D7F1709002419F7 /* Learning python.app */ = {isa = PBXFileReference; explicitFileType = wrapper.application; includeInIndex = 0; path = "Learning python.app"; sourceTree = BUILT_PRODUCTS_DIR; };
		54AAABF12D7F1709002419F7 /* Learning_pythonApp.swift */ = {isa = PBXFileReference; lastKnownFileType = sourcecode.swift; path = Learning_pythonApp.swift; sourceTree = "<group>"; };
		54AAABF32D7F1709002419F7 /* Learning_pythonDocument.swift */ = {isa = PBXFileReference; lastKnownFileType = sourcecode.swift; path = Learning_pythonDocument.swift; sourceTree = "<group>"; };
		54AAABF52D7F1709002419F7 /* ContentView.swift */ = {isa = PBXFileReference; lastKnownFileType = sourcecode.swift; path = ContentView.swift; sourceTree = "<group>"; };
		54AAABF72D7F170D002419F7 /* Assets.xcassets */ = {isa = PBXFileReference; lastKnownFileType = folder.assetcatalog; path = Assets.xcassets; sourceTree = "<group>"; };
		54AAABF92D7F170D002419F7 /* Info.plist */ = {isa = PBXFileReference; lastKnownFileType = text.plist.xml; path = Info.plist; sourceTree = "<group>"; };
		54AAABFA2D7F170D002419F7 /* Learning_python.entitlements */ = {isa = PBXFileReference; lastKnownFileType = text.plist.entitlements; path = Learning_python.entitlements; sourceTree = "<group>"; };
		54AAABFC2D7F170D002419F7 /* Preview Assets.xcassets */ = {isa = PBXFileReference; lastKnownFileType = folder.assetcatalog; path = "Preview Assets.xcassets"; sourceTree = "<group>"; };
		54AAAC022D7F170D002419F7 /* Learning pythonTests.xctest */ = {isa = PBXFileReference; explicitFileType = wrapper.cfbundle; includeInIndex = 0; path = "Learning pythonTests.xctest"; sourceTree = BUILT_PRODUCTS_DIR; };
		54AAAC062D7F170D002419F7 /* Learning_pythonTests.swift */ = {isa = PBXFileReference; lastKnownFileType = sourcecode.swift; path = Learning_pythonTests.swift; sourceTree = "<group>"; };
		54AAAC0C2D7F170D002419F7 /* Learning pythonUITests.xctest */ = {isa = PBXFileReference; explicitFileType = wrapper.cfbundle; includeInIndex = 0; path = "Learning pythonUITests.xctest"; sourceTree = BUILT_PRODUCTS_DIR; };
		54AAAC102D7F170D002419F7 /* Learning_pythonUITests.swift */ = {isa = PBXFileReference; lastKnownFileType = sourcecode.swift; path = Learning_pythonUITests.swift; sourceTree = "<group>"; };
		54AAAC122D7F170D002419F7 /* Learning_pythonUITestsLaunchTests.swift */ = {isa = PBXFileReference; lastKnownFileType = sourcecode.swift; path = Learning_pythonUITestsLaunchTests.swift; sourceTree = "<group>"; };
/* End PBXFileReference section */

/* Begin PBXFrameworksBuildPhase section */
		54AAABEB2D7F1709002419F7 /* Frameworks */ = {
			isa = PBXFrameworksBuildPhase;
			buildActionMask = 2147483647;
			files = (
			);
			runOnlyForDeploymentPostprocessing = 0;
		};
		54AAABFF2D7F170D002419F7 /* Frameworks */ = {
			isa = PBXFrameworksBuildPhase;
			buildActionMask = 2147483647;
			files = (
			);
			runOnlyForDeploymentPostprocessing = 0;
		};
		54AAAC092D7F170D002419F7 /* Frameworks */ = {
			isa = PBXFrameworksBuildPhase;
			buildActionMask = 2147483647;
			files = (
			);
			runOnlyForDeploymentPostprocessing = 0;
		};
/* End PBXFrameworksBuildPhase section */

/* Begin PBXGroup section */
		54AAABE52D7F1709002419F7 = {
			isa = PBXGroup;
			children = (
				54AAABF02D7F1709002419F7 /* Learning python */,
				54AAAC052D7F170D002419F7 /* Learning pythonTests */,
				54AAAC0F2D7F170D002419F7 /* Learning pythonUITests */,
				54AAABEF2D7F1709002419F7 /* Products */,
			);
			sourceTree = "<group>";
		};
		54AAABEF2D7F1709002419F7 /* Products */ = {
			isa = PBXGroup;
			children = (
				54AAABEE2D7F1709002419F7 /* Learning python.app */,
				54AAAC022D7F170D002419F7 /* Learning pythonTests.xctest */,
				54AAAC0C2D7F170D002419F7 /* Learning pythonUITests.xctest */,
			);
			name = Products;
			sourceTree = "<group>";
		};
		54AAABF02D7F1709002419F7 /* Learning python */ = {
			isa = PBXGroup;
			children = (
				54AAABF12D7F1709002419F7 /* Learning_pythonApp.swift */,
				54AAABF32D7F1709002419F7 /* Learning_pythonDocument.swift */,
				54AAABF52D7F1709002419F7 /* ContentView.swift */,
				54AAABF72D7F170D002419F7 /* Assets.xcassets */,
				54AAABF92D7F170D002419F7 /* Info.plist */,
				54AAABFA2D7F170D002419F7 /* Learning_python.entitlements */,
				54AAABFB2D7F170D002419F7 /* Preview Content */,
			);
			path = "Learning python";
			sourceTree = "<group>";
		};
		54AAABFB2D7F170D002419F7 /* Preview Content */ = {
			isa = PBXGroup;
			children = (
				54AAABFC2D7F170D002419F7 /* Preview Assets.xcassets */,
			);
			path = "Preview Content";
			sourceTree = "<group>";
		};
		54AAAC052D7F170D002419F7 /* Learning pythonTests */ = {
			isa = PBXGroup;
			children = (
				54AAAC062D7F170D002419F7 /* Learning_pythonTests.swift */,
			);
			path = "Learning pythonTests";
			sourceTree = "<group>";
		};
		54AAAC0F2D7F170D002419F7 /* Learning pythonUITests */ = {
			isa = PBXGroup;
			children = (
				54AAAC102D7F170D002419F7 /* Learning_pythonUITests.swift */,
				54AAAC122D7F170D002419F7 /* Learning_pythonUITestsLaunchTests.swift */,
			);
			path = "Learning pythonUITests";
			sourceTree = "<group>";
		};
/* End PBXGroup section */

/* Begin PBXNativeTarget section */
		54AAABED2D7F1709002419F7 /* Learning python */ = {
			isa = PBXNativeTarget;
			buildConfigurationList = 54AAAC162D7F170D002419F7 /* Build configuration list for PBXNativeTarget "Learning python" */;
			buildPhases = (
				54AAABEA2D7F1709002419F7 /* Sources */,
				54AAABEB2D7F1709002419F7 /* Frameworks */,
				54AAABEC2D7F1709002419F7 /* Resources */,
			);
			buildRules = (
			);
			dependencies = (
			);
			name = "Learning python";
			productName = "Learning python";
			productReference = 54AAABEE2D7F1709002419F7 /* Learning python.app */;
			productType = "com.apple.product-type.application";
		};
		54AAAC012D7F170D002419F7 /* Learning pythonTests */ = {
			isa = PBXNativeTarget;
			buildConfigurationList = 54AAAC192D7F170D002419F7 /* Build configuration list for PBXNativeTarget "Learning pythonTests" */;
			buildPhases = (
				54AAABFE2D7F170D002419F7 /* Sources */,
				54AAABFF2D7F170D002419F7 /* Frameworks */,
				54AAAC002D7F170D002419F7 /* Resources */,
			);
			buildRules = (
			);
			dependencies = (
				54AAAC042D7F170D002419F7 /* PBXTargetDependency */,
			);
			name = "Learning pythonTests";
			productName = "Learning pythonTests";
			productReference = 54AAAC022D7F170D002419F7 /* Learning pythonTests.xctest */;
			productType = "com.apple.product-type.bundle.unit-test";
		};
		54AAAC0B2D7F170D002419F7 /* Learning pythonUITests */ = {
			isa = PBXNativeTarget;
			buildConfigurationList = 54AAAC1C2D7F170D002419F7 /* Build configuration list for PBXNativeTarget "Learning pythonUITests" */;
			buildPhases = (
				54AAAC082D7F170D002419F7 /* Sources */,
				54AAAC092D7F170D002419F7 /* Frameworks */,
				54AAAC0A2D7F170D002419F7 /* Resources */,
			);
			buildRules = (
			);
			dependencies = (
				54AAAC0E2D7F170D002419F7 /* PBXTargetDependency */,
			);
			name = "Learning pythonUITests";
			productName = "Learning pythonUITests";
			productReference = 54AAAC0C2D7F170D002419F7 /* Learning pythonUITests.xctest */;
			productType = "com.apple.product-type.bundle.ui-testing";
		};
/* End PBXNativeTarget section */

/* Begin PBXProject section */
		54AAABE62D7F1709002419F7 /* Project object */ = {
			isa = PBXProject;
			attributes = {
				BuildIndependentTargetsInParallel = 1;
				LastSwiftUpdateCheck = 1540;
				LastUpgradeCheck = 1540;
				TargetAttributes = {
					54AAABED2D7F1709002419F7 = {
						CreatedOnToolsVersion = 15.4;
					};
					54AAAC012D7F170D002419F7 = {
						CreatedOnToolsVersion = 15.4;
						TestTargetID = 54AAABED2D7F1709002419F7;
					};
					54AAAC0B2D7F170D002419F7 = {
						CreatedOnToolsVersion = 15.4;
						TestTargetID = 54AAABED2D7F1709002419F7;
					};
				};
			};
			buildConfigurationList = 54AAABE92D7F1709002419F7 /* Build configuration list for PBXProject "Learning python" */;
			compatibilityVersion = "Xcode 14.0";
			developmentRegion = en;
			hasScannedForEncodings = 0;
			knownRegions = (
				en,
				Base,
			);
			mainGroup = 54AAABE52D7F1709002419F7;
			productRefGroup = 54AAABEF2D7F1709002419F7 /* Products */;
			projectDirPath = "";
			projectRoot = "";
			targets = (
				54AAABED2D7F1709002419F7 /* Learning python */,
				54AAAC012D7F170D002419F7 /* Learning pythonTests */,
				54AAAC0B2D7F170D002419F7 /* Learning pythonUITests */,
			);
		};
/* End PBXProject section */

/* Begin PBXResourcesBuildPhase section */
		54AAABEC2D7F1709002419F7 /* Resources */ = {
			isa = PBXResourcesBuildPhase;
			buildActionMask = 2147483647;
			files = (
				54AAABFD2D7F170D002419F7 /* Preview Assets.xcassets in Resources */,
				54AAABF82D7F170D002419F7 /* Assets.xcassets in Resources */,
			);
			runOnlyForDeploymentPostprocessing = 0;
		};
		54AAAC002D7F170D002419F7 /* Resources */ = {
			isa = PBXResourcesBuildPhase;
			buildActionMask = 2147483647;
			files = (
			);
			runOnlyForDeploymentPostprocessing = 0;
		};
		54AAAC0A2D7F170D002419F7 /* Resources */ = {
			isa = PBXResourcesBuildPhase;
			buildActionMask = 2147483647;
			files = (
			);
			runOnlyForDeploymentPostprocessing = 0;
		};
/* End PBXResourcesBuildPhase section */

/* Begin PBXSourcesBuildPhase section */
		54AAABEA2D7F1709002419F7 /* Sources */ = {
			isa = PBXSourcesBuildPhase;
			buildActionMask = 2147483647;
			files = (
				54AAABF42D7F1709002419F7 /* Learning_pythonDocument.swift in Sources */,
				54AAABF22D7F1709002419F7 /* Learning_pythonApp.swift in Sources */,
				54AAABF62D7F1709002419F7 /* ContentView.swift in Sources */,
			);
			runOnlyForDeploymentPostprocessing = 0;
		};
		54AAABFE2D7F170D002419F7 /* Sources */ = {
			isa = PBXSourcesBuildPhase;
			buildActionMask = 2147483647;
			files = (
				54AAAC072D7F170D002419F7 /* Learning_pythonTests.swift in Sources */,
			);
			runOnlyForDeploymentPostprocessing = 0;
		};
		54AAAC082D7F170D002419F7 /* Sources */ = {
			isa = PBXSourcesBuildPhase;
			buildActionMask = 2147483647;
			files = (
				54AAAC132D7F170D002419F7 /* Learning_pythonUITestsLaunchTests.swift in Sources */,
				54AAAC112D7F170D002419F7 /* Learning_pythonUITests.swift in Sources */,
			);
			runOnlyForDeploymentPostprocessing = 0;
		};
/* End PBXSourcesBuildPhase section */

/* Begin PBXTargetDependency section */
		54AAAC042D7F170D002419F7 /* PBXTargetDependency */ = {
			isa = PBXTargetDependency;
			target = 54AAABED2D7F1709002419F7 /* Learning python */;
			targetProxy = 54AAAC032D7F170D002419F7 /* PBXContainerItemProxy */;
		};
		54AAAC0E2D7F170D002419F7 /* PBXTargetDependency */ = {
			isa = PBXTargetDependency;
			target = 54AAABED2D7F1709002419F7 /* Learning python */;
			targetProxy = 54AAAC0D2D7F170D002419F7 /* PBXContainerItemProxy */;
		};
/* End PBXTargetDependency section */

/* Begin XCBuildConfiguration section */
		54AAAC142D7F170D002419F7 /* Debug */ = {
			isa = XCBuildConfiguration;
			buildSettings = {
				ALWAYS_SEARCH_USER_PATHS = NO;
				ASSETCATALOG_COMPILER_GENERATE_SWIFT_ASSET_SYMBOL_EXTENSIONS = YES;
				CLANG_ANALYZER_NONNULL = YES;
				CLANG_ANALYZER_NUMBER_OBJECT_CONVERSION = YES_AGGRESSIVE;
				CLANG_CXX_LANGUAGE_STANDARD = "gnu++20";
				CLANG_ENABLE_MODULES = YES;
				CLANG_ENABLE_OBJC_ARC = YES;
				CLANG_ENABLE_OBJC_WEAK = YES;
				CLANG_WARN_BLOCK_CAPTURE_AUTORELEASING = YES;
				CLANG_WARN_BOOL_CONVERSION = YES;
				CLANG_WARN_COMMA = YES;
				CLANG_WARN_CONSTANT_CONVERSION = YES;
				CLANG_WARN_DEPRECATED_OBJC_IMPLEMENTATIONS = YES;
				CLANG_WARN_DIRECT_OBJC_ISA_USAGE = YES_ERROR;
				CLANG_WARN_DOCUMENTATION_COMMENTS = YES;
				CLANG_WARN_EMPTY_BODY = YES;
				CLANG_WARN_ENUM_CONVERSION = YES;
				CLANG_WARN_INFINITE_RECURSION = YES;
				CLANG_WARN_INT_CONVERSION = YES;
				CLANG_WARN_NON_LITERAL_NULL_CONVERSION = YES;
				CLANG_WARN_OBJC_IMPLICIT_RETAIN_SELF = YES;
				CLANG_WARN_OBJC_LITERAL_CONVERSION = YES;
				CLANG_WARN_OBJC_ROOT_CLASS = YES_ERROR;
				CLANG_WARN_QUOTED_INCLUDE_IN_FRAMEWORK_HEADER = YES;
				CLANG_WARN_RANGE_LOOP_ANALYSIS = YES;
				CLANG_WARN_STRICT_PROTOTYPES = YES;
				CLANG_WARN_SUSPICIOUS_MOVE = YES;
				CLANG_WARN_UNGUARDED_AVAILABILITY = YES_AGGRESSIVE;
				CLANG_WARN_UNREACHABLE_CODE = YES;
				CLANG_WARN__DUPLICATE_METHOD_MATCH = YES;
				COPY_PHASE_STRIP = NO;
				DEBUG_INFORMATION_FORMAT = dwarf;
				ENABLE_STRICT_OBJC_MSGSEND = YES;
				ENABLE_TESTABILITY = YES;
				ENABLE_USER_SCRIPT_SANDBOXING = YES;
				GCC_C_LANGUAGE_STANDARD = gnu17;
				GCC_DYNAMIC_NO_PIC = NO;
				GCC_NO_COMMON_BLOCKS = YES;
				GCC_OPTIMIZATION_LEVEL = 0;
				GCC_PREPROCESSOR_DEFINITIONS = (
					"DEBUG=1",
					"$(inherited)",
				);
				GCC_WARN_64_TO_32_BIT_CONVERSION = YES;
				GCC_WARN_ABOUT_RETURN_TYPE = YES_ERROR;
				GCC_WARN_UNDECLARED_SELECTOR = YES;
				GCC_WARN_UNINITIALIZED_AUTOS = YES_AGGRESSIVE;
				GCC_WARN_UNUSED_FUNCTION = YES;
				GCC_WARN_UNUSED_VARIABLE = YES;
				LOCALIZATION_PREFERS_STRING_CATALOGS = YES;
				MTL_ENABLE_DEBUG_INFO = INCLUDE_SOURCE;
				MTL_FAST_MATH = YES;
				ONLY_ACTIVE_ARCH = YES;
				SWIFT_ACTIVE_COMPILATION_CONDITIONS = "DEBUG $(inherited)";
				SWIFT_OPTIMIZATION_LEVEL = "-Onone";
			};
			name = Debug;
		};
		54AAAC152D7F170D002419F7 /* Release */ = {
			isa = XCBuildConfiguration;
			buildSettings = {
				ALWAYS_SEARCH_USER_PATHS = NO;
				ASSETCATALOG_COMPILER_GENERATE_SWIFT_ASSET_SYMBOL_EXTENSIONS = YES;
				CLANG_ANALYZER_NONNULL = YES;
				CLANG_ANALYZER_NUMBER_OBJECT_CONVERSION = YES_AGGRESSIVE;
				CLANG_CXX_LANGUAGE_STANDARD = "gnu++20";
				CLANG_ENABLE_MODULES = YES;
				CLANG_ENABLE_OBJC_ARC = YES;
				CLANG_ENABLE_OBJC_WEAK = YES;
				CLANG_WARN_BLOCK_CAPTURE_AUTORELEASING = YES;
				CLANG_WARN_BOOL_CONVERSION = YES;
				CLANG_WARN_COMMA = YES;
				CLANG_WARN_CONSTANT_CONVERSION = YES;
				CLANG_WARN_DEPRECATED_OBJC_IMPLEMENTATIONS = YES;
				CLANG_WARN_DIRECT_OBJC_ISA_USAGE = YES_ERROR;
				CLANG_WARN_DOCUMENTATION_COMMENTS = YES;
				CLANG_WARN_EMPTY_BODY = YES;
				CLANG_WARN_ENUM_CONVERSION = YES;
				CLANG_WARN_INFINITE_RECURSION = YES;
				CLANG_WARN_INT_CONVERSION = YES;
				CLANG_WARN_NON_LITERAL_NULL_CONVERSION = YES;
				CLANG_WARN_OBJC_IMPLICIT_RETAIN_SELF = YES;
				CLANG_WARN_OBJC_LITERAL_CONVERSION = YES;
				CLANG_WARN_OBJC_ROOT_CLASS = YES_ERROR;
				CLANG_WARN_QUOTED_INCLUDE_IN_FRAMEWORK_HEADER = YES;
				CLANG_WARN_RANGE_LOOP_ANALYSIS = YES;
				CLANG_WARN_STRICT_PROTOTYPES = YES;
				CLANG_WARN_SUSPICIOUS_MOVE = YES;
				CLANG_WARN_UNGUARDED_AVAILABILITY = YES_AGGRESSIVE;
				CLANG_WARN_UNREACHABLE_CODE = YES;
				CLANG_WARN__DUPLICATE_METHOD_MATCH = YES;
				COPY_PHASE_STRIP = NO;
				DEBUG_INFORMATION_FORMAT = "dwarf-with-dsym";
				ENABLE_NS_ASSERTIONS = NO;
				ENABLE_STRICT_OBJC_MSGSEND = YES;
				ENABLE_USER_SCRIPT_SANDBOXING = YES;
				GCC_C_LANGUAGE_STANDARD = gnu17;
				GCC_NO_COMMON_BLOCKS = YES;
				GCC_WARN_64_TO_32_BIT_CONVERSION = YES;
				GCC_WARN_ABOUT_RETURN_TYPE = YES_ERROR;
				GCC_WARN_UNDECLARED_SELECTOR = YES;
				GCC_WARN_UNINITIALIZED_AUTOS = YES_AGGRESSIVE;
				GCC_WARN_UNUSED_FUNCTION = YES;
				GCC_WARN_UNUSED_VARIABLE = YES;
				LOCALIZATION_PREFERS_STRING_CATALOGS = YES;
				MTL_ENABLE_DEBUG_INFO = NO;
				MTL_FAST_MATH = YES;
				SWIFT_COMPILATION_MODE = wholemodule;
			};
			name = Release;
		};
		54AAAC172D7F170D002419F7 /* Debug */ = {
			isa = XCBuildConfiguration;
			buildSettings = {
				ASSETCATALOG_COMPILER_APPICON_NAME = AppIcon;
				ASSETCATALOG_COMPILER_GLOBAL_ACCENT_COLOR_NAME = AccentColor;
				CODE_SIGN_ENTITLEMENTS = "Learning python/Learning_python.entitlements";
				CODE_SIGN_STYLE = Automatic;
				CURRENT_PROJECT_VERSION = 1;
				DEVELOPMENT_ASSET_PATHS = "\"Learning python/Preview Content\"";
				ENABLE_PREVIEWS = YES;
				GENERATE_INFOPLIST_FILE = YES;
				INFOPLIST_FILE = "Learning python/Info.plist";
				"INFOPLIST_KEY_UIApplicationSceneManifest_Generation[sdk=iphoneos*]" = YES;
				"INFOPLIST_KEY_UIApplicationSceneManifest_Generation[sdk=iphonesimulator*]" = YES;
				"INFOPLIST_KEY_UIApplicationSupportsIndirectInputEvents[sdk=iphoneos*]" = YES;
				"INFOPLIST_KEY_UIApplicationSupportsIndirectInputEvents[sdk=iphonesimulator*]" = YES;
				"INFOPLIST_KEY_UILaunchScreen_Generation[sdk=iphoneos*]" = YES;
				"INFOPLIST_KEY_UILaunchScreen_Generation[sdk=iphonesimulator*]" = YES;
				"INFOPLIST_KEY_UIStatusBarStyle[sdk=iphoneos*]" = UIStatusBarStyleDefault;
				"INFOPLIST_KEY_UIStatusBarStyle[sdk=iphonesimulator*]" = UIStatusBarStyleDefault;
				INFOPLIST_KEY_UISupportedInterfaceOrientations_iPad = "UIInterfaceOrientationPortrait UIInterfaceOrientationPortraitUpsideDown UIInterfaceOrientationLandscapeLeft UIInterfaceOrientationLandscapeRight";
				INFOPLIST_KEY_UISupportedInterfaceOrientations_iPhone = "UIInterfaceOrientationPortrait UIInterfaceOrientationLandscapeLeft UIInterfaceOrientationLandscapeRight";
				"INFOPLIST_KEY_UISupportsDocumentBrowser[sdk=iphoneos*]" = YES;
				"INFOPLIST_KEY_UISupportsDocumentBrowser[sdk=iphonesimulator*]" = YES;
				IPHONEOS_DEPLOYMENT_TARGET = 17.5;
				LD_RUNPATH_SEARCH_PATHS = "@executable_path/Frameworks";
				"LD_RUNPATH_SEARCH_PATHS[sdk=macosx*]" = "@executable_path/../Frameworks";
				MACOSX_DEPLOYMENT_TARGET = 14.4;
				MARKETING_VERSION = 1.0;
				PRODUCT_BUNDLE_IDENTIFIER = "vap.Learning-python";
				PRODUCT_NAME = "$(TARGET_NAME)";
				SDKROOT = auto;
				SUPPORTED_PLATFORMS = "iphoneos iphonesimulator macosx";
				SWIFT_EMIT_LOC_STRINGS = YES;
				SWIFT_VERSION = 5.0;
				TARGETED_DEVICE_FAMILY = "1,2";
			};
			name = Debug;
		};
		54AAAC182D7F170D002419F7 /* Release */ = {
			isa = XCBuildConfiguration;
			buildSettings = {
				ASSETCATALOG_COMPILER_APPICON_NAME = AppIcon;
				ASSETCATALOG_COMPILER_GLOBAL_ACCENT_COLOR_NAME = AccentColor;
				CODE_SIGN_ENTITLEMENTS = "Learning python/Learning_python.entitlements";
				CODE_SIGN_STYLE = Automatic;
				CURRENT_PROJECT_VERSION = 1;
				DEVELOPMENT_ASSET_PATHS = "\"Learning python/Preview Content\"";
				ENABLE_PREVIEWS = YES;
				GENERATE_INFOPLIST_FILE = YES;
				INFOPLIST_FILE = "Learning python/Info.plist";
				"INFOPLIST_KEY_UIApplicationSceneManifest_Generation[sdk=iphoneos*]" = YES;
				"INFOPLIST_KEY_UIApplicationSceneManifest_Generation[sdk=iphonesimulator*]" = YES;
				"INFOPLIST_KEY_UIApplicationSupportsIndirectInputEvents[sdk=iphoneos*]" = YES;
				"INFOPLIST_KEY_UIApplicationSupportsIndirectInputEvents[sdk=iphonesimulator*]" = YES;
				"INFOPLIST_KEY_UILaunchScreen_Generation[sdk=iphoneos*]" = YES;
				"INFOPLIST_KEY_UILaunchScreen_Generation[sdk=iphonesimulator*]" = YES;
				"INFOPLIST_KEY_UIStatusBarStyle[sdk=iphoneos*]" = UIStatusBarStyleDefault;
				"INFOPLIST_KEY_UIStatusBarStyle[sdk=iphonesimulator*]" = UIStatusBarStyleDefault;
				INFOPLIST_KEY_UISupportedInterfaceOrientations_iPad = "UIInterfaceOrientationPortrait UIInterfaceOrientationPortraitUpsideDown UIInterfaceOrientationLandscapeLeft UIInterfaceOrientationLandscapeRight";
				INFOPLIST_KEY_UISupportedInterfaceOrientations_iPhone = "UIInterfaceOrientationPortrait UIInterfaceOrientationLandscapeLeft UIInterfaceOrientationLandscapeRight";
				"INFOPLIST_KEY_UISupportsDocumentBrowser[sdk=iphoneos*]" = YES;
				"INFOPLIST_KEY_UISupportsDocumentBrowser[sdk=iphonesimulator*]" = YES;
				IPHONEOS_DEPLOYMENT_TARGET = 17.5;
				LD_RUNPATH_SEARCH_PATHS = "@executable_path/Frameworks";
				"LD_RUNPATH_SEARCH_PATHS[sdk=macosx*]" = "@executable_path/../Frameworks";
				MACOSX_DEPLOYMENT_TARGET = 14.4;
				MARKETING_VERSION = 1.0;
				PRODUCT_BUNDLE_IDENTIFIER = "vap.Learning-python";
				PRODUCT_NAME = "$(TARGET_NAME)";
				SDKROOT = auto;
				SUPPORTED_PLATFORMS = "iphoneos iphonesimulator macosx";
				SWIFT_EMIT_LOC_STRINGS = YES;
				SWIFT_VERSION = 5.0;
				TARGETED_DEVICE_FAMILY = "1,2";
			};
			name = Release;
		};
		54AAAC1A2D7F170D002419F7 /* Debug */ = {
			isa = XCBuildConfiguration;
			buildSettings = {
				ALWAYS_EMBED_SWIFT_STANDARD_LIBRARIES = YES;
				BUNDLE_LOADER = "$(TEST_HOST)";
				CODE_SIGN_STYLE = Automatic;
				CURRENT_PROJECT_VERSION = 1;
				GENERATE_INFOPLIST_FILE = YES;
				IPHONEOS_DEPLOYMENT_TARGET = 17.5;
				MACOSX_DEPLOYMENT_TARGET = 14.4;
				MARKETING_VERSION = 1.0;
				PRODUCT_BUNDLE_IDENTIFIER = "vap.Learning-pythonTests";
				PRODUCT_NAME = "$(TARGET_NAME)";
				SDKROOT = auto;
				SUPPORTED_PLATFORMS = "iphoneos iphonesimulator macosx";
				SWIFT_EMIT_LOC_STRINGS = NO;
				SWIFT_VERSION = 5.0;
				TARGETED_DEVICE_FAMILY = "1,2";
				TEST_HOST = "$(BUILT_PRODUCTS_DIR)/Learning python.app/$(BUNDLE_EXECUTABLE_FOLDER_PATH)/Learning python";
			};
			name = Debug;
		};
		54AAAC1B2D7F170D002419F7 /* Release */ = {
			isa = XCBuildConfiguration;
			buildSettings = {
				ALWAYS_EMBED_SWIFT_STANDARD_LIBRARIES = YES;
				BUNDLE_LOADER = "$(TEST_HOST)";
				CODE_SIGN_STYLE = Automatic;
				CURRENT_PROJECT_VERSION = 1;
				GENERATE_INFOPLIST_FILE = YES;
				IPHONEOS_DEPLOYMENT_TARGET = 17.5;
				MACOSX_DEPLOYMENT_TARGET = 14.4;
				MARKETING_VERSION = 1.0;
				PRODUCT_BUNDLE_IDENTIFIER = "vap.Learning-pythonTests";
				PRODUCT_NAME = "$(TARGET_NAME)";
				SDKROOT = auto;
				SUPPORTED_PLATFORMS = "iphoneos iphonesimulator macosx";
				SWIFT_EMIT_LOC_STRINGS = NO;
				SWIFT_VERSION = 5.0;
				TARGETED_DEVICE_FAMILY = "1,2";
				TEST_HOST = "$(BUILT_PRODUCTS_DIR)/Learning python.app/$(BUNDLE_EXECUTABLE_FOLDER_PATH)/Learning python";
			};
			name = Release;
		};
		54AAAC1D2D7F170D002419F7 /* Debug */ = {
			isa = XCBuildConfiguration;
			buildSettings = {
				ALWAYS_EMBED_SWIFT_STANDARD_LIBRARIES = YES;
				CODE_SIGN_STYLE = Automatic;
				CURRENT_PROJECT_VERSION = 1;
				GENERATE_INFOPLIST_FILE = YES;
				IPHONEOS_DEPLOYMENT_TARGET = 17.5;
				MACOSX_DEPLOYMENT_TARGET = 14.4;
				MARKETING_VERSION = 1.0;
				PRODUCT_BUNDLE_IDENTIFIER = "vap.Learning-pythonUITests";
				PRODUCT_NAME = "$(TARGET_NAME)";
				SDKROOT = auto;
				SUPPORTED_PLATFORMS = "iphoneos iphonesimulator macosx";
				SWIFT_EMIT_LOC_STRINGS = NO;
				SWIFT_VERSION = 5.0;
				TARGETED_DEVICE_FAMILY = "1,2";
				TEST_TARGET_NAME = "Learning python";
			};
			name = Debug;
		};
		54AAAC1E2D7F170D002419F7 /* Release */ = {
			isa = XCBuildConfiguration;
			buildSettings = {
				ALWAYS_EMBED_SWIFT_STANDARD_LIBRARIES = YES;
				CODE_SIGN_STYLE = Automatic;
				CURRENT_PROJECT_VERSION = 1;
				GENERATE_INFOPLIST_FILE = YES;
				IPHONEOS_DEPLOYMENT_TARGET = 17.5;
				MACOSX_DEPLOYMENT_TARGET = 14.4;
				MARKETING_VERSION = 1.0;
				PRODUCT_BUNDLE_IDENTIFIER = "vap.Learning-pythonUITests";
				PRODUCT_NAME = "$(TARGET_NAME)";
				SDKROOT = auto;
				SUPPORTED_PLATFORMS = "iphoneos iphonesimulator macosx";
				SWIFT_EMIT_LOC_STRINGS = NO;
				SWIFT_VERSION = 5.0;
				TARGETED_DEVICE_FAMILY = "1,2";
				TEST_TARGET_NAME = "Learning python";
			};
			name = Release;
		};
/* End XCBuildConfiguration section */

/* Begin XCConfigurationList section */
		54AAABE92D7F1709002419F7 /* Build configuration list for PBXProject "Learning python" */ = {
			isa = XCConfigurationList;
			buildConfigurations = (
				54AAAC142D7F170D002419F7 /* Debug */,
				54AAAC152D7F170D002419F7 /* Release */,
			);
			defaultConfigurationIsVisible = 0;
			defaultConfigurationName = Release;
		};
		54AAAC162D7F170D002419F7 /* Build configuration list for PBXNativeTarget "Learning python" */ = {
			isa = XCConfigurationList;
			buildConfigurations = (
				54AAAC172D7F170D002419F7 /* Debug */,
				54AAAC182D7F170D002419F7 /* Release */,
			);
			defaultConfigurationIsVisible = 0;
			defaultConfigurationName = Release;
		};
		54AAAC192D7F170D002419F7 /* Build configuration list for PBXNativeTarget "Learning pythonTests" */ = {
			isa = XCConfigurationList;
			buildConfigurations = (
				54AAAC1A2D7F170D002419F7 /* Debug */,
				54AAAC1B2D7F170D002419F7 /* Release */,
			);
			defaultConfigurationIsVisible = 0;
			defaultConfigurationName = Release;
		};
		54AAAC1C2D7F170D002419F7 /* Build configuration list for PBXNativeTarget "Learning pythonUITests" */ = {
			isa = XCConfigurationList;
			buildConfigurations = (
				54AAAC1D2D7F170D002419F7 /* Debug */,
				54AAAC1E2D7F170D002419F7 /* Release */,
			);
			defaultConfigurationIsVisible = 0;
			defaultConfigurationName = Release;
		};
/* End XCConfigurationList section */
	};
	rootObject = 54AAABE62D7F1709002419F7 /* Project object */;
}
